filippo.io/edwards25519 v1.1.0/go.mod h1:BxyFTGdWcka3PhytdK4V28tE5sGfRvvvRV7EaN4VDT4=
github.com/go-sql-driver/mysql v1.8.1/go.mod h1:wEBSXgmK//2ZFJyE+qWnIsVGmvmEKlqwuVSjsCm7DZg=
github.com/ibmdb/go_ibm_db v0.5.2 h1:g5bHeJdy4SXhw6c9PX1I3Tn4KrCbAzl2faX1BfTTR/8=
github.com/ibmdb/go_ibm_db v0.5.2/go.mod h1:BA12Alfe+h5BMGZGE+b0pqP4leILZkpoxe5qr/iMoHw=
github.com/ibmruntimes/go-recordio/v2 v2.0.0-20240416213906-ae0ad556db70 h1:muF5XqVkHnMdbMDXusPdKtuT8qWzefBgSuLH1JVHcC4=
github.com/ibmruntimes/go-recordio/v2 v2.0.0-20240416213906-ae0ad556db70/go.mod h1:NSpUK0x9IyEoM1EjTp2/S8ErxZfRHoA2DfwiYobFSkc=
github.com/jmoiron/sqlx v1.4.0 h1:1PLqN7S1UYp5t4SrVVnt4nUVNemrDAtxlulVe+Qgm3o=
github.com/jmoiron/sqlx v1.4.0/go.mod h1:ZrZ7UsYB/weZdl2Bxg6jCRO9c3YHl8r3ahlKmRT4JLY=
github.com/lib/pq v1.10.9/go.mod h1:AlVN5x4E4T544tWzH6hKfbfQvm3HdbOxrmggDNAPY9o=
github.com/mattn/go-sqlite3 v1.14.22/go.mod h1:Uh1q+B4BYcTPb+yiD3kU8Ct7aC0hY9fxUwlHK0RXw+Y=
